
Microsoft Visual Studio Solution File, Format Version 12.00
# Visual Studio Version 17
VisualStudioVersion = 17.13.35919.96
MinimumVisualStudioVersion = 10.0.40219.1
Project("{FAE04EC0-301F-11D3-BF4B-00C04F79EFBC}") = "MattEland.AI.MCP.ServerAPI", "MattEland.AI.MCP.ServerAPI\MattEland.AI.MCP.ServerAPI.csproj", "{0FF81E1F-9F91-41EC-A60B-E1AEA73969BF}"
EndProject
Project("{FAE04EC0-301F-11D3-BF4B-00C04F79EFBC}") = "MattEland.AI.MCP.Tools", "MattEland.AI.MCP.Tools\MattEland.AI.MCP.Tools.csproj", "{55ACC7B8-4E12-4F35-8B20-D82DB937FF24}"
EndProject
Project("{FAE04EC0-301F-11D3-BF4B-00C04F79EFBC}") = "MattEland.AI.MCP.StdioClient", "MattEland.AI.MCP.StdioClient\MattEland.AI.MCP.StdioClient.csproj", "{B86BD5EF-C893-465F-85AB-C14795B3B380}"
EndProject
Project("{2150E333-8FDC-42A3-9474-1A3956D46DE8}") = "Solution Items", "Solution Items", "{8EC462FD-D22E-90A8-E5CE-7E832BA40C5D}"
	ProjectSection(SolutionItems) = preProject
		.github\workflows\eland-mcp.yml = .github\workflows\eland-mcp.yml
	EndProjectSection
EndProject
Global
	GlobalSection(SolutionConfigurationPlatforms) = preSolution
		Debug|Any CPU = Debug|Any CPU
		Release|Any CPU = Release|Any CPU
	EndGlobalSection
	GlobalSection(ProjectConfigurationPlatforms) = postSolution
		{0FF81E1F-9F91-41EC-A60B-E1AEA73969BF}.Debug|Any CPU.ActiveCfg = Debug|Any CPU
		{0FF81E1F-9F91-41EC-A60B-E1AEA73969BF}.Debug|Any CPU.Build.0 = Debug|Any CPU
		{0FF81E1F-9F91-41EC-A60B-E1AEA73969BF}.Release|Any CPU.ActiveCfg = Release|Any CPU
		{0FF81E1F-9F91-41EC-A60B-E1AEA73969BF}.Release|Any CPU.Build.0 = Release|Any CPU
		{55ACC7B8-4E12-4F35-8B20-D82DB937FF24}.Debug|Any CPU.ActiveCfg = Debug|Any CPU
		{55ACC7B8-4E12-4F35-8B20-D82DB937FF24}.Debug|Any CPU.Build.0 = Debug|Any CPU
		{55ACC7B8-4E12-4F35-8B20-D82DB937FF24}.Release|Any CPU.ActiveCfg = Release|Any CPU
		{55ACC7B8-4E12-4F35-8B20-D82DB937FF24}.Release|Any CPU.Build.0 = Release|Any CPU
		{B86BD5EF-C893-465F-85AB-C14795B3B380}.Debug|Any CPU.ActiveCfg = Debug|Any CPU
		{B86BD5EF-C893-465F-85AB-C14795B3B380}.Debug|Any CPU.Build.0 = Debug|Any CPU
		{B86BD5EF-C893-465F-85AB-C14795B3B380}.Release|Any CPU.ActiveCfg = Release|Any CPU
		{B86BD5EF-C893-465F-85AB-C14795B3B380}.Release|Any CPU.Build.0 = Release|Any CPU
	EndGlobalSection
	GlobalSection(SolutionProperties) = preSolution
		HideSolutionNode = FALSE
	EndGlobalSection
	GlobalSection(ExtensibilityGlobals) = postSolution
		SolutionGuid = {CF896F0F-28B4-4607-8CE6-8A66440666AC}
	EndGlobalSection
EndGlobal
